
Microsoft Visual Studio Solution File, Format Version 12.00
Project("{FAE04EC0-301F-11D3-BF4B-00C04F79EFBC}") = "BasketService", "src\BasketService\BasketService.csproj", "{570EA4E4-D2EA-4943-9F51-CF6BF2FE2376}"
EndProject
Project("{FAE04EC0-301F-11D3-BF4B-00C04F79EFBC}") = "OrderService", "src\OrderService\OrderService.csproj", "{A6895E10-CE89-4605-B458-1886DF7BCB7E}"
EndProject
Project("{FAE04EC0-301F-11D3-BF4B-00C04F79EFBC}") = "IdentityService", "src\IdentityService\IdentityService.csproj", "{1A78058D-B119-4D62-A4E8-D9235098AA6A}"
EndProject
Project("{FAE04EC0-301F-11D3-BF4B-00C04F79EFBC}") = "CatalogService", "src\CatalogService\CatalogService.csproj", "{E19402CB-29FA-492F-9815-319BBBFC5EAA}"
EndProject
Global
	GlobalSection(SolutionConfigurationPlatforms) = preSolution
		Debug|Any CPU = Debug|Any CPU
		Release|Any CPU = Release|Any CPU
	EndGlobalSection
	GlobalSection(NestedProjects) = preSolution
	EndGlobalSection
	GlobalSection(ProjectConfigurationPlatforms) = postSolution
		{570EA4E4-D2EA-4943-9F51-CF6BF2FE2376}.Debug|Any CPU.ActiveCfg = Debug|Any CPU
		{570EA4E4-D2EA-4943-9F51-CF6BF2FE2376}.Debug|Any CPU.Build.0 = Debug|Any CPU
		{570EA4E4-D2EA-4943-9F51-CF6BF2FE2376}.Release|Any CPU.ActiveCfg = Release|Any CPU
		{570EA4E4-D2EA-4943-9F51-CF6BF2FE2376}.Release|Any CPU.Build.0 = Release|Any CPU
		{A6895E10-CE89-4605-B458-1886DF7BCB7E}.Debug|Any CPU.ActiveCfg = Debug|Any CPU
		{A6895E10-CE89-4605-B458-1886DF7BCB7E}.Debug|Any CPU.Build.0 = Debug|Any CPU
		{A6895E10-CE89-4605-B458-1886DF7BCB7E}.Release|Any CPU.ActiveCfg = Release|Any CPU
		{A6895E10-CE89-4605-B458-1886DF7BCB7E}.Release|Any CPU.Build.0 = Release|Any CPU
		{1A78058D-B119-4D62-A4E8-D9235098AA6A}.Debug|Any CPU.ActiveCfg = Debug|Any CPU
		{1A78058D-B119-4D62-A4E8-D9235098AA6A}.Debug|Any CPU.Build.0 = Debug|Any CPU
		{1A78058D-B119-4D62-A4E8-D9235098AA6A}.Release|Any CPU.ActiveCfg = Release|Any CPU
		{1A78058D-B119-4D62-A4E8-D9235098AA6A}.Release|Any CPU.Build.0 = Release|Any CPU
		{E19402CB-29FA-492F-9815-319BBBFC5EAA}.Debug|Any CPU.ActiveCfg = Debug|Any CPU
		{E19402CB-29FA-492F-9815-319BBBFC5EAA}.Debug|Any CPU.Build.0 = Debug|Any CPU
		{E19402CB-29FA-492F-9815-319BBBFC5EAA}.Release|Any CPU.ActiveCfg = Release|Any CPU
		{E19402CB-29FA-492F-9815-319BBBFC5EAA}.Release|Any CPU.Build.0 = Release|Any CPU
	EndGlobalSection
EndGlobal
